
Microsoft Visual Studio Solution File, Format Version 12.00
# Visual Studio Version 16
VisualStudioVersion = 16.0.31624.102
MinimumVisualStudioVersion = 10.0.40219.1
Project("{2150E333-8FDC-42A3-9474-1A3956D46DE8}") = "src", "src", "{AE4CFBFA-702C-4A72-9CE0-C477987E63E3}"
EndProject
Project("{2150E333-8FDC-42A3-9474-1A3956D46DE8}") = "Building Blocks", "Building Blocks", "{64D0ED5A-494C-4085-A4DF-9BB72244918C}"
EndProject
Project("{2150E333-8FDC-42A3-9474-1A3956D46DE8}") = "Services", "Services", "{98C72C90-907D-4A9C-87D4-9067BC8657DE}"
EndProject
Project("{2150E333-8FDC-42A3-9474-1A3956D46DE8}") = "Identidade", "Identidade", "{FEBA610E-F95C-401F-9C02-20DC547907DD}"
EndProject
Project("{2150E333-8FDC-42A3-9474-1A3956D46DE8}") = "Web", "Web", "{45A63ECD-3C4A-4640-BDDA-250CE1F51A58}"
EndProject
Project("{9A19103F-16F7-4668-BE54-9A1E7A4F7556}") = "NSE.Identidade.API", "src\services\NSE.Identidade.API\NSE.Identidade.API.csproj", "{F009BE2D-53EA-4278-947A-816A1DA9ED98}"
EndProject
Project("{2150E333-8FDC-42A3-9474-1A3956D46DE8}") = "Core", "Core", "{4744EBBE-4A74-4E2E-8E31-BC4DFD32BC69}"
EndProject
Project("{2150E333-8FDC-42A3-9474-1A3956D46DE8}") = "MVC", "MVC", "{3CEBAB70-56B3-4ACB-BDDB-DA14B53BA25A}"
EndProject
Project("{9A19103F-16F7-4668-BE54-9A1E7A4F7556}") = "NSE.WebApp.MVC", "src\web\NSE.WebApp.MVC\NSE.WebApp.MVC.csproj", "{FC782EEF-CFB4-4855-BE73-F7B3D616CA05}"
EndProject
Project("{9A19103F-16F7-4668-BE54-9A1E7A4F7556}") = "NSE.Core", "src\building blocks\NSE.Core\NSE.Core.csproj", "{6AE27525-1E72-4DFB-A7BA-9B21AB50514E}"
EndProject
Project("{2150E333-8FDC-42A3-9474-1A3956D46DE8}") = "Catalogo", "Catalogo", "{202E2376-19AF-4DE4-9580-8416FAF7F4BC}"
EndProject
Project("{2150E333-8FDC-42A3-9474-1A3956D46DE8}") = "Cliente", "Cliente", "{2C8D9CBB-FD03-475A-9E1E-8D1AC26E0025}"
EndProject
Project("{2150E333-8FDC-42A3-9474-1A3956D46DE8}") = "Pagamento", "Pagamento", "{04720A61-4494-4213-93DB-84B2D7D4067A}"
EndProject
Project("{2150E333-8FDC-42A3-9474-1A3956D46DE8}") = "Carrinho", "Carrinho", "{DB882216-B9BA-40B2-BBB3-B3294329805A}"
EndProject
Project("{2150E333-8FDC-42A3-9474-1A3956D46DE8}") = "Pedido", "Pedido", "{5FAA5ED5-29D9-44BA-AC51-EB8F60AA00D5}"
EndProject
Project("{9A19103F-16F7-4668-BE54-9A1E7A4F7556}") = "NSE.Carrinho.API", "src\services\NSE.Carrinho.API\NSE.Carrinho.API.csproj", "{19FF380E-EDA1-4A05-AF2B-D106D1328E83}"
EndProject
Project("{9A19103F-16F7-4668-BE54-9A1E7A4F7556}") = "NSE.Catalogo.API", "src\services\NSE.Catalogo.API\NSE.Catalogo.API.csproj", "{CC588F76-6895-4AE5-A885-BADFD2DD80E7}"
EndProject
Project("{9A19103F-16F7-4668-BE54-9A1E7A4F7556}") = "NSE.Cliente.API", "src\services\NSE.Cliente.API\NSE.Cliente.API.csproj", "{D51310C5-4607-4FCD-AB88-B7082ABF1577}"
EndProject
Project("{9A19103F-16F7-4668-BE54-9A1E7A4F7556}") = "NSE.Pagamento.API", "src\services\NSE.Pagamento.API\NSE.Pagamento.API.csproj", "{4FB3C6C9-1379-411F-AC89-8854365AA851}"
EndProject
Project("{9A19103F-16F7-4668-BE54-9A1E7A4F7556}") = "NSE.Pedido.API", "src\services\NSE.Pedido.API\NSE.Pedido.API.csproj", "{78531E4C-DEE0-4080-8737-BE1C45FB9AD0}"
EndProject
Project("{2150E333-8FDC-42A3-9474-1A3956D46DE8}") = "Services", "Services", "{3BC169AF-BEBF-4FAC-A65C-EA09BF236991}"
EndProject
Project("{9A19103F-16F7-4668-BE54-9A1E7A4F7556}") = "NSE.WebAPI.Core", "src\building blocks\NSE.WebAPI.Core\NSE.WebAPI.Core.csproj", "{1CEB27B7-12EA-40A7-8F44-CB4E81EF885C}"
EndProject
Project("{2150E333-8FDC-42A3-9474-1A3956D46DE8}") = "MessageBus", "MessageBus", "{3B99080C-5A0D-4D52-BA37-2577CA3F35B0}"
EndProject
Project("{FAE04EC0-301F-11D3-BF4B-00C04F79EFBC}") = "NSE.MessageBus", "src\building blocks\NSE.MessageBus\NSE.MessageBus.csproj", "{636B2DA6-2A23-4578-A840-BC0541F10DD1}"
EndProject
Global
	GlobalSection(SolutionConfigurationPlatforms) = preSolution
		Debug|Any CPU = Debug|Any CPU
		Release|Any CPU = Release|Any CPU
	EndGlobalSection
	GlobalSection(ProjectConfigurationPlatforms) = postSolution
		{F009BE2D-53EA-4278-947A-816A1DA9ED98}.Debug|Any CPU.ActiveCfg = Debug|Any CPU
		{F009BE2D-53EA-4278-947A-816A1DA9ED98}.Debug|Any CPU.Build.0 = Debug|Any CPU
		{F009BE2D-53EA-4278-947A-816A1DA9ED98}.Release|Any CPU.ActiveCfg = Release|Any CPU
		{F009BE2D-53EA-4278-947A-816A1DA9ED98}.Release|Any CPU.Build.0 = Release|Any CPU
		{FC782EEF-CFB4-4855-BE73-F7B3D616CA05}.Debug|Any CPU.ActiveCfg = Debug|Any CPU
		{FC782EEF-CFB4-4855-BE73-F7B3D616CA05}.Debug|Any CPU.Build.0 = Debug|Any CPU
		{FC782EEF-CFB4-4855-BE73-F7B3D616CA05}.Release|Any CPU.ActiveCfg = Release|Any CPU
		{FC782EEF-CFB4-4855-BE73-F7B3D616CA05}.Release|Any CPU.Build.0 = Release|Any CPU
		{6AE27525-1E72-4DFB-A7BA-9B21AB50514E}.Debug|Any CPU.ActiveCfg = Debug|Any CPU
		{6AE27525-1E72-4DFB-A7BA-9B21AB50514E}.Debug|Any CPU.Build.0 = Debug|Any CPU
		{6AE27525-1E72-4DFB-A7BA-9B21AB50514E}.Release|Any CPU.ActiveCfg = Release|Any CPU
		{6AE27525-1E72-4DFB-A7BA-9B21AB50514E}.Release|Any CPU.Build.0 = Release|Any CPU
		{19FF380E-EDA1-4A05-AF2B-D106D1328E83}.Debug|Any CPU.ActiveCfg = Debug|Any CPU
		{19FF380E-EDA1-4A05-AF2B-D106D1328E83}.Debug|Any CPU.Build.0 = Debug|Any CPU
		{19FF380E-EDA1-4A05-AF2B-D106D1328E83}.Release|Any CPU.ActiveCfg = Release|Any CPU
		{19FF380E-EDA1-4A05-AF2B-D106D1328E83}.Release|Any CPU.Build.0 = Release|Any CPU
		{CC588F76-6895-4AE5-A885-BADFD2DD80E7}.Debug|Any CPU.ActiveCfg = Debug|Any CPU
		{CC588F76-6895-4AE5-A885-BADFD2DD80E7}.Debug|Any CPU.Build.0 = Debug|Any CPU
		{CC588F76-6895-4AE5-A885-BADFD2DD80E7}.Release|Any CPU.ActiveCfg = Release|Any CPU
		{CC588F76-6895-4AE5-A885-BADFD2DD80E7}.Release|Any CPU.Build.0 = Release|Any CPU
		{D51310C5-4607-4FCD-AB88-B7082ABF1577}.Debug|Any CPU.ActiveCfg = Debug|Any CPU
		{D51310C5-4607-4FCD-AB88-B7082ABF1577}.Debug|Any CPU.Build.0 = Debug|Any CPU
		{D51310C5-4607-4FCD-AB88-B7082ABF1577}.Release|Any CPU.ActiveCfg = Release|Any CPU
		{D51310C5-4607-4FCD-AB88-B7082ABF1577}.Release|Any CPU.Build.0 = Release|Any CPU
		{4FB3C6C9-1379-411F-AC89-8854365AA851}.Debug|Any CPU.ActiveCfg = Debug|Any CPU
		{4FB3C6C9-1379-411F-AC89-8854365AA851}.Debug|Any CPU.Build.0 = Debug|Any CPU
		{4FB3C6C9-1379-411F-AC89-8854365AA851}.Release|Any CPU.ActiveCfg = Release|Any CPU
		{4FB3C6C9-1379-411F-AC89-8854365AA851}.Release|Any CPU.Build.0 = Release|Any CPU
		{78531E4C-DEE0-4080-8737-BE1C45FB9AD0}.Debug|Any CPU.ActiveCfg = Debug|Any CPU
		{78531E4C-DEE0-4080-8737-BE1C45FB9AD0}.Debug|Any CPU.Build.0 = Debug|Any CPU
		{78531E4C-DEE0-4080-8737-BE1C45FB9AD0}.Release|Any CPU.ActiveCfg = Release|Any CPU
		{78531E4C-DEE0-4080-8737-BE1C45FB9AD0}.Release|Any CPU.Build.0 = Release|Any CPU
		{1CEB27B7-12EA-40A7-8F44-CB4E81EF885C}.Debug|Any CPU.ActiveCfg = Debug|Any CPU
		{1CEB27B7-12EA-40A7-8F44-CB4E81EF885C}.Debug|Any CPU.Build.0 = Debug|Any CPU
		{1CEB27B7-12EA-40A7-8F44-CB4E81EF885C}.Release|Any CPU.ActiveCfg = Release|Any CPU
		{1CEB27B7-12EA-40A7-8F44-CB4E81EF885C}.Release|Any CPU.Build.0 = Release|Any CPU
		{636B2DA6-2A23-4578-A840-BC0541F10DD1}.Debug|Any CPU.ActiveCfg = Debug|Any CPU
		{636B2DA6-2A23-4578-A840-BC0541F10DD1}.Debug|Any CPU.Build.0 = Debug|Any CPU
		{636B2DA6-2A23-4578-A840-BC0541F10DD1}.Release|Any CPU.ActiveCfg = Release|Any CPU
		{636B2DA6-2A23-4578-A840-BC0541F10DD1}.Release|Any CPU.Build.0 = Release|Any CPU
	EndGlobalSection
	GlobalSection(SolutionProperties) = preSolution
		HideSolutionNode = FALSE
	EndGlobalSection
	GlobalSection(NestedProjects) = preSolution
		{64D0ED5A-494C-4085-A4DF-9BB72244918C} = {AE4CFBFA-702C-4A72-9CE0-C477987E63E3}
		{98C72C90-907D-4A9C-87D4-9067BC8657DE} = {AE4CFBFA-702C-4A72-9CE0-C477987E63E3}
		{FEBA610E-F95C-401F-9C02-20DC547907DD} = {98C72C90-907D-4A9C-87D4-9067BC8657DE}
		{45A63ECD-3C4A-4640-BDDA-250CE1F51A58} = {AE4CFBFA-702C-4A72-9CE0-C477987E63E3}
		{F009BE2D-53EA-4278-947A-816A1DA9ED98} = {FEBA610E-F95C-401F-9C02-20DC547907DD}
		{4744EBBE-4A74-4E2E-8E31-BC4DFD32BC69} = {64D0ED5A-494C-4085-A4DF-9BB72244918C}
		{3CEBAB70-56B3-4ACB-BDDB-DA14B53BA25A} = {45A63ECD-3C4A-4640-BDDA-250CE1F51A58}
		{FC782EEF-CFB4-4855-BE73-F7B3D616CA05} = {3CEBAB70-56B3-4ACB-BDDB-DA14B53BA25A}
		{6AE27525-1E72-4DFB-A7BA-9B21AB50514E} = {4744EBBE-4A74-4E2E-8E31-BC4DFD32BC69}
		{202E2376-19AF-4DE4-9580-8416FAF7F4BC} = {98C72C90-907D-4A9C-87D4-9067BC8657DE}
		{2C8D9CBB-FD03-475A-9E1E-8D1AC26E0025} = {98C72C90-907D-4A9C-87D4-9067BC8657DE}
		{04720A61-4494-4213-93DB-84B2D7D4067A} = {45A63ECD-3C4A-4640-BDDA-250CE1F51A58}
		{DB882216-B9BA-40B2-BBB3-B3294329805A} = {98C72C90-907D-4A9C-87D4-9067BC8657DE}
		{5FAA5ED5-29D9-44BA-AC51-EB8F60AA00D5} = {98C72C90-907D-4A9C-87D4-9067BC8657DE}
		{19FF380E-EDA1-4A05-AF2B-D106D1328E83} = {DB882216-B9BA-40B2-BBB3-B3294329805A}
		{CC588F76-6895-4AE5-A885-BADFD2DD80E7} = {202E2376-19AF-4DE4-9580-8416FAF7F4BC}
		{D51310C5-4607-4FCD-AB88-B7082ABF1577} = {2C8D9CBB-FD03-475A-9E1E-8D1AC26E0025}
		{4FB3C6C9-1379-411F-AC89-8854365AA851} = {04720A61-4494-4213-93DB-84B2D7D4067A}
		{78531E4C-DEE0-4080-8737-BE1C45FB9AD0} = {5FAA5ED5-29D9-44BA-AC51-EB8F60AA00D5}
		{3BC169AF-BEBF-4FAC-A65C-EA09BF236991} = {64D0ED5A-494C-4085-A4DF-9BB72244918C}
		{1CEB27B7-12EA-40A7-8F44-CB4E81EF885C} = {3BC169AF-BEBF-4FAC-A65C-EA09BF236991}
		{3B99080C-5A0D-4D52-BA37-2577CA3F35B0} = {64D0ED5A-494C-4085-A4DF-9BB72244918C}
		{636B2DA6-2A23-4578-A840-BC0541F10DD1} = {3B99080C-5A0D-4D52-BA37-2577CA3F35B0}
	EndGlobalSection
	GlobalSection(ExtensibilityGlobals) = postSolution
		SolutionGuid = {CA84AF13-3639-442E-A816-88EB7A9C2F8E}
	EndGlobalSection
EndGlobal
